
Microsoft Visual Studio Solution File, Format Version 12.00
# Visual Studio Version 17
VisualStudioVersion = 17.5.33516.290
MinimumVisualStudioVersion = 10.0.40219.1
Project("{9A19103F-16F7-4668-BE54-9A1E7A4F7556}") = "ShoppingCart.Core", "ShoppingCart.Core\ShoppingCart.Core.csproj", "{F85501C1-1903-4817-A3C2-A0289E300C61}"
EndProject
Project("{9A19103F-16F7-4668-BE54-9A1E7A4F7556}") = "ShoppingCart.Persistance", "ShoppingCart.Infrastructure\ShoppingCart.Persistance.csproj", "{ABB8E062-8E25-43A8-B2B0-AFAE2AA3E905}"
EndProject
Project("{9A19103F-16F7-4668-BE54-9A1E7A4F7556}") = "ShoppingCart.API", "ShoppingCart.API\ShoppingCart.API.csproj", "{908B0CDD-6419-4578-BACF-59372EFFAB48}"
EndProject
Global
	GlobalSection(SolutionConfigurationPlatforms) = preSolution
		Debug|Any CPU = Debug|Any CPU
		Release|Any CPU = Release|Any CPU
	EndGlobalSection
	GlobalSection(ProjectConfigurationPlatforms) = postSolution
		{F85501C1-1903-4817-A3C2-A0289E300C61}.Debug|Any CPU.ActiveCfg = Debug|Any CPU
		{F85501C1-1903-4817-A3C2-A0289E300C61}.Debug|Any CPU.Build.0 = Debug|Any CPU
		{F85501C1-1903-4817-A3C2-A0289E300C61}.Release|Any CPU.ActiveCfg = Release|Any CPU
		{F85501C1-1903-4817-A3C2-A0289E300C61}.Release|Any CPU.Build.0 = Release|Any CPU
		{ABB8E062-8E25-43A8-B2B0-AFAE2AA3E905}.Debug|Any CPU.ActiveCfg = Debug|Any CPU
		{ABB8E062-8E25-43A8-B2B0-AFAE2AA3E905}.Debug|Any CPU.Build.0 = Debug|Any CPU
		{ABB8E062-8E25-43A8-B2B0-AFAE2AA3E905}.Release|Any CPU.ActiveCfg = Release|Any CPU
		{ABB8E062-8E25-43A8-B2B0-AFAE2AA3E905}.Release|Any CPU.Build.0 = Release|Any CPU
		{908B0CDD-6419-4578-BACF-59372EFFAB48}.Debug|Any CPU.ActiveCfg = Debug|Any CPU
		{908B0CDD-6419-4578-BACF-59372EFFAB48}.Debug|Any CPU.Build.0 = Debug|Any CPU
		{908B0CDD-6419-4578-BACF-59372EFFAB48}.Release|Any CPU.ActiveCfg = Release|Any CPU
		{908B0CDD-6419-4578-BACF-59372EFFAB48}.Release|Any CPU.Build.0 = Release|Any CPU
	EndGlobalSection
	GlobalSection(SolutionProperties) = preSolution
		HideSolutionNode = FALSE
	EndGlobalSection
	GlobalSection(ExtensibilityGlobals) = postSolution
		SolutionGuid = {3E0E0C77-B16E-4C74-A4D5-8A344770079D}
	EndGlobalSection
EndGlobal
