
Microsoft Visual Studio Solution File, Format Version 12.00
# Visual Studio Version 17
VisualStudioVersion = 17.5.33516.290
MinimumVisualStudioVersion = 10.0.40219.1
Project("{FAE04EC0-301F-11D3-BF4B-00C04F79EFBC}") = "ShoppingCart.Core", "ShoppingCart.Core\ShoppingCart.Core.csproj", "{F85501C1-1903-4817-A3C2-A0289E300C61}"
EndProject
Project("{FAE04EC0-301F-11D3-BF4B-00C04F79EFBC}") = "ShoppingCart.Persistance", "ShoppingCart.Infrastructure\ShoppingCart.Persistance.csproj", "{ABB8E062-8E25-43A8-B2B0-AFAE2AA3E905}"
EndProject
Project("{FAE04EC0-301F-11D3-BF4B-00C04F79EFBC}") = "Inventory.API", "Inventory.API\Inventory.API.csproj", "{DBBD292A-B15E-4B79-B1EF-23B74E7AD7EB}"
EndProject
Global
	GlobalSection(SolutionConfigurationPlatforms) = preSolution
		Debug|Any CPU = Debug|Any CPU
		Release|Any CPU = Release|Any CPU
	EndGlobalSection
	GlobalSection(ProjectConfigurationPlatforms) = postSolution
		{F85501C1-1903-4817-A3C2-A0289E300C61}.Debug|Any CPU.ActiveCfg = Debug|Any CPU
		{F85501C1-1903-4817-A3C2-A0289E300C61}.Debug|Any CPU.Build.0 = Debug|Any CPU
		{F85501C1-1903-4817-A3C2-A0289E300C61}.Release|Any CPU.ActiveCfg = Release|Any CPU
		{F85501C1-1903-4817-A3C2-A0289E300C61}.Release|Any CPU.Build.0 = Release|Any CPU
		{ABB8E062-8E25-43A8-B2B0-AFAE2AA3E905}.Debug|Any CPU.ActiveCfg = Debug|Any CPU
		{ABB8E062-8E25-43A8-B2B0-AFAE2AA3E905}.Debug|Any CPU.Build.0 = Debug|Any CPU
		{ABB8E062-8E25-43A8-B2B0-AFAE2AA3E905}.Release|Any CPU.ActiveCfg = Release|Any CPU
		{ABB8E062-8E25-43A8-B2B0-AFAE2AA3E905}.Release|Any CPU.Build.0 = Release|Any CPU
		{DBBD292A-B15E-4B79-B1EF-23B74E7AD7EB}.Debug|Any CPU.ActiveCfg = Debug|Any CPU
		{DBBD292A-B15E-4B79-B1EF-23B74E7AD7EB}.Debug|Any CPU.Build.0 = Debug|Any CPU
		{DBBD292A-B15E-4B79-B1EF-23B74E7AD7EB}.Release|Any CPU.ActiveCfg = Release|Any CPU
		{DBBD292A-B15E-4B79-B1EF-23B74E7AD7EB}.Release|Any CPU.Build.0 = Release|Any CPU
	EndGlobalSection
	GlobalSection(SolutionProperties) = preSolution
		HideSolutionNode = FALSE
	EndGlobalSection
	GlobalSection(ExtensibilityGlobals) = postSolution
		SolutionGuid = {3E0E0C77-B16E-4C74-A4D5-8A344770079D}
	EndGlobalSection
EndGlobal
